
Microsoft Visual Studio Solution File, Format Version 12.00
# Visual Studio 15
VisualStudioVersion = 15.0.27428.2005
MinimumVisualStudioVersion = 10.0.40219.1
Project("{FAE04EC0-301F-11D3-BF4B-00C04F79EFBC}") = "BeamCopy", "BeamCopy\BeamCopy.csproj", "{F326D9D8-A924-4812-B173-0BCD61FD9FD1}"
EndProject
Global
	GlobalSection(SolutionConfigurationPlatforms) = preSolution
		Debug|Any CPU = Debug|Any CPU
		Release|Any CPU = Release|Any CPU
	EndGlobalSection
	GlobalSection(ProjectConfigurationPlatforms) = postSolution
		{F326D9D8-A924-4812-B173-0BCD61FD9FD1}.Debug|Any CPU.ActiveCfg = Debug|Any CPU
		{F326D9D8-A924-4812-B173-0BCD61FD9FD1}.Debug|Any CPU.Build.0 = Debug|Any CPU
		{F326D9D8-A924-4812-B173-0BCD61FD9FD1}.Release|Any CPU.ActiveCfg = Release|Any CPU
		{F326D9D8-A924-4812-B173-0BCD61FD9FD1}.Release|Any CPU.Build.0 = Release|Any CPU
	EndGlobalSection
	GlobalSection(SolutionProperties) = preSolution
		HideSolutionNode = FALSE
	EndGlobalSection
	GlobalSection(ExtensibilityGlobals) = postSolution
		SolutionGuid = {37D2391F-0674-42FE-BFC7-A60310EAC6FA}
	EndGlobalSection
EndGlobal
